// !$*UTF8*$!
{
	archiveVersion = 1;
	classes = {
	};
	objectVersion = 56;
	objects = {

/* Begin PBXBuildFile section */
		932126022A779CFA00BF5919 /* ChartView.swift in Sources */ = {isa = PBXBuildFile; fileRef = 932126012A779CFA00BF5919 /* ChartView.swift */; };
		932483C02A53BDE00081FEDC /* CustomTabBar.swift in Sources */ = {isa = PBXBuildFile; fileRef = 932483BF2A53BDE00081FEDC /* CustomTabBar.swift */; };
		932FFF1C2A9C65830093C3F0 /* YoutubeVideo.swift in Sources */ = {isa = PBXBuildFile; fileRef = 932FFF1B2A9C65830093C3F0 /* YoutubeVideo.swift */; };
		932FFF1E2A9C65CF0093C3F0 /* YouTubeService.swift in Sources */ = {isa = PBXBuildFile; fileRef = 932FFF1D2A9C65CF0093C3F0 /* YouTubeService.swift */; };
		932FFF202A9C667C0093C3F0 /* VideoListView.swift in Sources */ = {isa = PBXBuildFile; fileRef = 932FFF1F2A9C667C0093C3F0 /* VideoListView.swift */; };
		932FFF222A9C682F0093C3F0 /* YouTubeVideoResponse.swift in Sources */ = {isa = PBXBuildFile; fileRef = 932FFF212A9C682F0093C3F0 /* YouTubeVideoResponse.swift */; };
		932FFF242A9C69640093C3F0 /* WebView.swift in Sources */ = {isa = PBXBuildFile; fileRef = 932FFF232A9C69640093C3F0 /* WebView.swift */; };
		9331674B2A64E14C0042DEC4 /* TransactionListView.swift in Sources */ = {isa = PBXBuildFile; fileRef = 9331674A2A64E14C0042DEC4 /* TransactionListView.swift */; };
		9339CD772A53E284000A21B1 /* Montserrat-SemiBold.ttf in Resources */ = {isa = PBXBuildFile; fileRef = 9339CD652A53E282000A21B1 /* Montserrat-SemiBold.ttf */; };
		9339CD7B2A53E284000A21B1 /* Montserrat-Regular.ttf in Resources */ = {isa = PBXBuildFile; fileRef = 9339CD692A53E283000A21B1 /* Montserrat-Regular.ttf */; };
		9339CD7D2A53E284000A21B1 /* Montserrat-Medium.ttf in Resources */ = {isa = PBXBuildFile; fileRef = 9339CD6B2A53E283000A21B1 /* Montserrat-Medium.ttf */; };
		9339CD7E2A53E284000A21B1 /* Montserrat-ThinItalic.ttf in Resources */ = {isa = PBXBuildFile; fileRef = 9339CD6C2A53E283000A21B1 /* Montserrat-ThinItalic.ttf */; };
		9339CD7F2A53E284000A21B1 /* Montserrat-Black.ttf in Resources */ = {isa = PBXBuildFile; fileRef = 9339CD6D2A53E283000A21B1 /* Montserrat-Black.ttf */; };
		9339CD822A53E284000A21B1 /* Montserrat-ExtraLight.ttf in Resources */ = {isa = PBXBuildFile; fileRef = 9339CD702A53E283000A21B1 /* Montserrat-ExtraLight.ttf */; };
		9339CD882A53E284000A21B1 /* Montserrat-Thin.ttf in Resources */ = {isa = PBXBuildFile; fileRef = 9339CD762A53E284000A21B1 /* Montserrat-Thin.ttf */; };
		9339CD8C2A53FBEB000A21B1 /* TabBarButton.swift in Sources */ = {isa = PBXBuildFile; fileRef = 9339CD8B2A53FBEB000A21B1 /* TabBarButton.swift */; };
		937532E82A789F1D00F5AB70 /* LocationViewModel.swift in Sources */ = {isa = PBXBuildFile; fileRef = 937532E72A789F1D00F5AB70 /* LocationViewModel.swift */; };
		9375A7212A5E413D00083EAE /* RecentTransactionList.swift in Sources */ = {isa = PBXBuildFile; fileRef = 9375A7202A5E413D00083EAE /* RecentTransactionList.swift */; };
		93894DD82A661F9100719AD2 /* SwiftUICharts in Frameworks */ = {isa = PBXBuildFile; productRef = 93894DD72A661F9100719AD2 /* SwiftUICharts */; };
		9398877B2A5500E700C29740 /* NewsView.swift in Sources */ = {isa = PBXBuildFile; fileRef = 9398877A2A5500E700C29740 /* NewsView.swift */; };
		9398877D2A55010400C29740 /* VideoView.swift in Sources */ = {isa = PBXBuildFile; fileRef = 9398877C2A55010400C29740 /* VideoView.swift */; };
		9398877F2A55107E00C29740 /* OverviewView.swift in Sources */ = {isa = PBXBuildFile; fileRef = 9398877E2A55107E00C29740 /* OverviewView.swift */; };
		939887812A55148100C29740 /* ContentView.swift in Sources */ = {isa = PBXBuildFile; fileRef = 939887802A55148100C29740 /* ContentView.swift */; };
		93AFFA8E2A5CE10900A2D6E0 /* PreviewData.swift in Sources */ = {isa = PBXBuildFile; fileRef = 93AFFA8D2A5CE10900A2D6E0 /* PreviewData.swift */; };
		93AFFA912A5CE37E00A2D6E0 /* TransactionRow.swift in Sources */ = {isa = PBXBuildFile; fileRef = 93AFFA902A5CE37E00A2D6E0 /* TransactionRow.swift */; };
		93AFFA942A5CFC0600A2D6E0 /* SwiftUIFontIcon in Frameworks */ = {isa = PBXBuildFile; productRef = 93AFFA932A5CFC0600A2D6E0 /* SwiftUIFontIcon */; };
		93B98A312A55392800626756 /* Extensions.swift in Sources */ = {isa = PBXBuildFile; fileRef = 93B98A302A55392800626756 /* Extensions.swift */; };
		93BF7E392A651D9B0026C89D /* Collections in Frameworks */ = {isa = PBXBuildFile; productRef = 93BF7E382A651D9B0026C89D /* Collections */; };
		93CD50D42A676D9500A156B2 /* CategorySelectionView.swift in Sources */ = {isa = PBXBuildFile; fileRef = 93CD50D32A676D9500A156B2 /* CategorySelectionView.swift */; };
		93D3817E2A53B7150099514E /* KiwiApp.swift in Sources */ = {isa = PBXBuildFile; fileRef = 93D3817D2A53B7150099514E /* KiwiApp.swift */; };
		93D381822A53B7160099514E /* Assets.xcassets in Resources */ = {isa = PBXBuildFile; fileRef = 93D381812A53B7160099514E /* Assets.xcassets */; };
		93D381852A53B7160099514E /* Preview Assets.xcassets in Resources */ = {isa = PBXBuildFile; fileRef = 93D381842A53B7160099514E /* Preview Assets.xcassets */; };
		93E1690F2A665C000045C53B /* AddDataView.swift in Sources */ = {isa = PBXBuildFile; fileRef = 93E1690E2A665C000045C53B /* AddDataView.swift */; };
		93EDA99F2A7B6EDC002036E8 /* ShareStringView.swift in Sources */ = {isa = PBXBuildFile; fileRef = 93EDA99E2A7B6EDC002036E8 /* ShareStringView.swift */; };
		93FC8D842A6A4C64002ED99A /* GoogleService-Info.plist in Resources */ = {isa = PBXBuildFile; fileRef = 93FC8D832A6A4C64002ED99A /* GoogleService-Info.plist */; };
		93FC8D872A6A4EF6002ED99A /* FirebaseFirestore in Frameworks */ = {isa = PBXBuildFile; productRef = 93FC8D862A6A4EF6002ED99A /* FirebaseFirestore */; };
		93FC8D892A6A5C69002ED99A /* EachTransactionModel.swift in Sources */ = {isa = PBXBuildFile; fileRef = 93FC8D882A6A5C69002ED99A /* EachTransactionModel.swift */; };
		93FC8D8B2A6A635D002ED99A /* EachTransactionViewModel.swift in Sources */ = {isa = PBXBuildFile; fileRef = 93FC8D8A2A6A635D002ED99A /* EachTransactionViewModel.swift */; };
/* End PBXBuildFile section */

/* Begin PBXFileReference section */
		932126012A779CFA00BF5919 /* ChartView.swift */ = {isa = PBXFileReference; lastKnownFileType = sourcecode.swift; path = ChartView.swift; sourceTree = "<group>"; };
		932483BF2A53BDE00081FEDC /* CustomTabBar.swift */ = {isa = PBXFileReference; lastKnownFileType = sourcecode.swift; path = CustomTabBar.swift; sourceTree = "<group>"; };
		932FFF1B2A9C65830093C3F0 /* YoutubeVideo.swift */ = {isa = PBXFileReference; lastKnownFileType = sourcecode.swift; path = YoutubeVideo.swift; sourceTree = "<group>"; };
		932FFF1D2A9C65CF0093C3F0 /* YouTubeService.swift */ = {isa = PBXFileReference; lastKnownFileType = sourcecode.swift; path = YouTubeService.swift; sourceTree = "<group>"; };
		932FFF1F2A9C667C0093C3F0 /* VideoListView.swift */ = {isa = PBXFileReference; lastKnownFileType = sourcecode.swift; path = VideoListView.swift; sourceTree = "<group>"; };
		932FFF212A9C682F0093C3F0 /* YouTubeVideoResponse.swift */ = {isa = PBXFileReference; lastKnownFileType = sourcecode.swift; path = YouTubeVideoResponse.swift; sourceTree = "<group>"; };
		932FFF232A9C69640093C3F0 /* WebView.swift */ = {isa = PBXFileReference; lastKnownFileType = sourcecode.swift; path = WebView.swift; sourceTree = "<group>"; };
		9331674A2A64E14C0042DEC4 /* TransactionListView.swift */ = {isa = PBXFileReference; lastKnownFileType = sourcecode.swift; path = TransactionListView.swift; sourceTree = "<group>"; };
		9339CD652A53E282000A21B1 /* Montserrat-SemiBold.ttf */ = {isa = PBXFileReference; lastKnownFileType = file; path = "Montserrat-SemiBold.ttf"; sourceTree = "<group>"; };
		9339CD692A53E283000A21B1 /* Montserrat-Regular.ttf */ = {isa = PBXFileReference; lastKnownFileType = file; path = "Montserrat-Regular.ttf"; sourceTree = "<group>"; };
		9339CD6B2A53E283000A21B1 /* Montserrat-Medium.ttf */ = {isa = PBXFileReference; lastKnownFileType = file; path = "Montserrat-Medium.ttf"; sourceTree = "<group>"; };
		9339CD6C2A53E283000A21B1 /* Montserrat-ThinItalic.ttf */ = {isa = PBXFileReference; lastKnownFileType = file; path = "Montserrat-ThinItalic.ttf"; sourceTree = "<group>"; };
		9339CD6D2A53E283000A21B1 /* Montserrat-Black.ttf */ = {isa = PBXFileReference; lastKnownFileType = file; path = "Montserrat-Black.ttf"; sourceTree = "<group>"; };
		9339CD702A53E283000A21B1 /* Montserrat-ExtraLight.ttf */ = {isa = PBXFileReference; lastKnownFileType = file; path = "Montserrat-ExtraLight.ttf"; sourceTree = "<group>"; };
		9339CD762A53E284000A21B1 /* Montserrat-Thin.ttf */ = {isa = PBXFileReference; lastKnownFileType = file; path = "Montserrat-Thin.ttf"; sourceTree = "<group>"; };
		9339CD892A53E427000A21B1 /* Info.plist */ = {isa = PBXFileReference; lastKnownFileType = text.plist; path = Info.plist; sourceTree = "<group>"; };
		9339CD8B2A53FBEB000A21B1 /* TabBarButton.swift */ = {isa = PBXFileReference; lastKnownFileType = sourcecode.swift; path = TabBarButton.swift; sourceTree = "<group>"; };
		937532E72A789F1D00F5AB70 /* LocationViewModel.swift */ = {isa = PBXFileReference; lastKnownFileType = sourcecode.swift; path = LocationViewModel.swift; sourceTree = "<group>"; };
		9375A7202A5E413D00083EAE /* RecentTransactionList.swift */ = {isa = PBXFileReference; lastKnownFileType = sourcecode.swift; path = RecentTransactionList.swift; sourceTree = "<group>"; };
		9398877A2A5500E700C29740 /* NewsView.swift */ = {isa = PBXFileReference; lastKnownFileType = sourcecode.swift; path = NewsView.swift; sourceTree = "<group>"; };
		9398877C2A55010400C29740 /* VideoView.swift */ = {isa = PBXFileReference; lastKnownFileType = sourcecode.swift; path = VideoView.swift; sourceTree = "<group>"; };
		9398877E2A55107E00C29740 /* OverviewView.swift */ = {isa = PBXFileReference; lastKnownFileType = sourcecode.swift; path = OverviewView.swift; sourceTree = "<group>"; };
		939887802A55148100C29740 /* ContentView.swift */ = {isa = PBXFileReference; lastKnownFileType = sourcecode.swift; path = ContentView.swift; sourceTree = "<group>"; };
		93AFFA8D2A5CE10900A2D6E0 /* PreviewData.swift */ = {isa = PBXFileReference; lastKnownFileType = sourcecode.swift; path = PreviewData.swift; sourceTree = "<group>"; };
		93AFFA902A5CE37E00A2D6E0 /* TransactionRow.swift */ = {isa = PBXFileReference; lastKnownFileType = sourcecode.swift; path = TransactionRow.swift; sourceTree = "<group>"; };
		93B98A302A55392800626756 /* Extensions.swift */ = {isa = PBXFileReference; lastKnownFileType = sourcecode.swift; path = Extensions.swift; sourceTree = "<group>"; };
		93CD50D32A676D9500A156B2 /* CategorySelectionView.swift */ = {isa = PBXFileReference; lastKnownFileType = sourcecode.swift; path = CategorySelectionView.swift; sourceTree = "<group>"; };
		93D3817A2A53B7140099514E /* Kiwi.app */ = {isa = PBXFileReference; explicitFileType = wrapper.application; includeInIndex = 0; path = Kiwi.app; sourceTree = BUILT_PRODUCTS_DIR; };
		93D3817D2A53B7150099514E /* KiwiApp.swift */ = {isa = PBXFileReference; lastKnownFileType = sourcecode.swift; path = KiwiApp.swift; sourceTree = "<group>"; };
		93D381812A53B7160099514E /* Assets.xcassets */ = {isa = PBXFileReference; lastKnownFileType = folder.assetcatalog; path = Assets.xcassets; sourceTree = "<group>"; };
		93D381842A53B7160099514E /* Preview Assets.xcassets */ = {isa = PBXFileReference; lastKnownFileType = folder.assetcatalog; path = "Preview Assets.xcassets"; sourceTree = "<group>"; };
		93E1690E2A665C000045C53B /* AddDataView.swift */ = {isa = PBXFileReference; lastKnownFileType = sourcecode.swift; path = AddDataView.swift; sourceTree = "<group>"; };
		93EDA99E2A7B6EDC002036E8 /* ShareStringView.swift */ = {isa = PBXFileReference; lastKnownFileType = sourcecode.swift; path = ShareStringView.swift; sourceTree = "<group>"; };
		93FC8D832A6A4C64002ED99A /* GoogleService-Info.plist */ = {isa = PBXFileReference; fileEncoding = 4; lastKnownFileType = text.plist.xml; path = "GoogleService-Info.plist"; sourceTree = "<group>"; };
		93FC8D882A6A5C69002ED99A /* EachTransactionModel.swift */ = {isa = PBXFileReference; lastKnownFileType = sourcecode.swift; path = EachTransactionModel.swift; sourceTree = "<group>"; };
		93FC8D8A2A6A635D002ED99A /* EachTransactionViewModel.swift */ = {isa = PBXFileReference; lastKnownFileType = sourcecode.swift; path = EachTransactionViewModel.swift; sourceTree = "<group>"; };
/* End PBXFileReference section */

/* Begin PBXFrameworksBuildPhase section */
		93D381772A53B7140099514E /* Frameworks */ = {
			isa = PBXFrameworksBuildPhase;
			buildActionMask = 2147483647;
			files = (
				93894DD82A661F9100719AD2 /* SwiftUICharts in Frameworks */,
				93FC8D872A6A4EF6002ED99A /* FirebaseFirestore in Frameworks */,
				93BF7E392A651D9B0026C89D /* Collections in Frameworks */,
				93AFFA942A5CFC0600A2D6E0 /* SwiftUIFontIcon in Frameworks */,
			);
			runOnlyForDeploymentPostprocessing = 0;
		};
/* End PBXFrameworksBuildPhase section */

/* Begin PBXGroup section */
		932126002A779CCD00BF5919 /* Custom Chart */ = {
			isa = PBXGroup;
			children = (
				932126012A779CFA00BF5919 /* ChartView.swift */,
			);
			path = "Custom Chart";
			sourceTree = "<group>";
		};
		932483BB2A53BAC20081FEDC /* Views */ = {
			isa = PBXGroup;
			children = (
				9398877A2A5500E700C29740 /* NewsView.swift */,
				9398877C2A55010400C29740 /* VideoView.swift */,
				9398877E2A55107E00C29740 /* OverviewView.swift */,
				939887802A55148100C29740 /* ContentView.swift */,
				9331674A2A64E14C0042DEC4 /* TransactionListView.swift */,
				93E1690E2A665C000045C53B /* AddDataView.swift */,
				93CD50D32A676D9500A156B2 /* CategorySelectionView.swift */,
				9375A7202A5E413D00083EAE /* RecentTransactionList.swift */,
				932126002A779CCD00BF5919 /* Custom Chart */,
				93AFFA8F2A5CE35100A2D6E0 /* Custom Transaction Row */,
				932483BE2A53BB7C0081FEDC /* Custom Tab Bar */,
				93EDA99E2A7B6EDC002036E8 /* ShareStringView.swift */,
				932FFF1F2A9C667C0093C3F0 /* VideoListView.swift */,
				932FFF232A9C69640093C3F0 /* WebView.swift */,
			);
			path = Views;
			sourceTree = "<group>";
		};
		932483BC2A53BAD00081FEDC /* Models */ = {
			isa = PBXGroup;
			children = (
				93FC8D882A6A5C69002ED99A /* EachTransactionModel.swift */,
				932FFF1B2A9C65830093C3F0 /* YoutubeVideo.swift */,
				932FFF212A9C682F0093C3F0 /* YouTubeVideoResponse.swift */,
			);
			path = Models;
			sourceTree = "<group>";
		};
		932483BE2A53BB7C0081FEDC /* Custom Tab Bar */ = {
			isa = PBXGroup;
			children = (
				932483BF2A53BDE00081FEDC /* CustomTabBar.swift */,
				9339CD8B2A53FBEB000A21B1 /* TabBarButton.swift */,
			);
			path = "Custom Tab Bar";
			sourceTree = "<group>";
		};
		9339CD642A53E20E000A21B1 /* Font */ = {
			isa = PBXGroup;
			children = (
				9339CD6D2A53E283000A21B1 /* Montserrat-Black.ttf */,
				9339CD702A53E283000A21B1 /* Montserrat-ExtraLight.ttf */,
				9339CD6B2A53E283000A21B1 /* Montserrat-Medium.ttf */,
				9339CD692A53E283000A21B1 /* Montserrat-Regular.ttf */,
				9339CD652A53E282000A21B1 /* Montserrat-SemiBold.ttf */,
				9339CD762A53E284000A21B1 /* Montserrat-Thin.ttf */,
				9339CD6C2A53E283000A21B1 /* Montserrat-ThinItalic.ttf */,
			);
			path = Font;
			sourceTree = "<group>";
		};
		9399ECF42A5D2A2D0031B879 /* ViewModel */ = {
			isa = PBXGroup;
			children = (
				93FC8D8A2A6A635D002ED99A /* EachTransactionViewModel.swift */,
				937532E72A789F1D00F5AB70 /* LocationViewModel.swift */,
				932FFF1D2A9C65CF0093C3F0 /* YouTubeService.swift */,
			);
			path = ViewModel;
			sourceTree = "<group>";
		};
		93AFFA8C2A5CDB8D00A2D6E0 /* Helpers */ = {
			isa = PBXGroup;
			children = (
				93B98A302A55392800626756 /* Extensions.swift */,
			);
			path = Helpers;
			sourceTree = "<group>";
		};
		93AFFA8F2A5CE35100A2D6E0 /* Custom Transaction Row */ = {
			isa = PBXGroup;
			children = (
				93AFFA902A5CE37E00A2D6E0 /* TransactionRow.swift */,
			);
			path = "Custom Transaction Row";
			sourceTree = "<group>";
		};
		93B98A2F2A55368B00626756 /* Colors */ = {
			isa = PBXGroup;
			children = (
			);
			path = Colors;
			sourceTree = "<group>";
		};
		93D381712A53B7140099514E = {
			isa = PBXGroup;
			children = (
				93D3817C2A53B7140099514E /* Kiwi */,
				93D3817B2A53B7140099514E /* Products */,
			);
			sourceTree = "<group>";
		};
		93D3817B2A53B7140099514E /* Products */ = {
			isa = PBXGroup;
			children = (
				93D3817A2A53B7140099514E /* Kiwi.app */,
			);
			name = Products;
			sourceTree = "<group>";
		};
		93D3817C2A53B7140099514E /* Kiwi */ = {
			isa = PBXGroup;
			children = (
				9399ECF42A5D2A2D0031B879 /* ViewModel */,
				93AFFA8C2A5CDB8D00A2D6E0 /* Helpers */,
				9339CD892A53E427000A21B1 /* Info.plist */,
				93FC8D832A6A4C64002ED99A /* GoogleService-Info.plist */,
				93D3817D2A53B7150099514E /* KiwiApp.swift */,
				932483BC2A53BAD00081FEDC /* Models */,
				932483BB2A53BAC20081FEDC /* Views */,
				9339CD642A53E20E000A21B1 /* Font */,
				93D381812A53B7160099514E /* Assets.xcassets */,
				93B98A2F2A55368B00626756 /* Colors */,
				93D381832A53B7160099514E /* Preview Content */,
			);
			path = Kiwi;
			sourceTree = "<group>";
		};
		93D381832A53B7160099514E /* Preview Content */ = {
			isa = PBXGroup;
			children = (
				93D381842A53B7160099514E /* Preview Assets.xcassets */,
				93AFFA8D2A5CE10900A2D6E0 /* PreviewData.swift */,
			);
			path = "Preview Content";
			sourceTree = "<group>";
		};
/* End PBXGroup section */

/* Begin PBXNativeTarget section */
		93D381792A53B7140099514E /* Kiwi */ = {
			isa = PBXNativeTarget;
			buildConfigurationList = 93D381882A53B7160099514E /* Build configuration list for PBXNativeTarget "Kiwi" */;
			buildPhases = (
				93D381762A53B7140099514E /* Sources */,
				93D381772A53B7140099514E /* Frameworks */,
				93D381782A53B7140099514E /* Resources */,
			);
			buildRules = (
			);
			dependencies = (
			);
			name = Kiwi;
			packageProductDependencies = (
				93AFFA932A5CFC0600A2D6E0 /* SwiftUIFontIcon */,
				93BF7E382A651D9B0026C89D /* Collections */,
				93894DD72A661F9100719AD2 /* SwiftUICharts */,
				93FC8D862A6A4EF6002ED99A /* FirebaseFirestore */,
			);
			productName = Kiwi;
			productReference = 93D3817A2A53B7140099514E /* Kiwi.app */;
			productType = "com.apple.product-type.application";
		};
/* End PBXNativeTarget section */

/* Begin PBXProject section */
		93D381722A53B7140099514E /* Project object */ = {
			isa = PBXProject;
			attributes = {
				BuildIndependentTargetsInParallel = 1;
				LastSwiftUpdateCheck = 1430;
				LastUpgradeCheck = 1430;
				TargetAttributes = {
					93D381792A53B7140099514E = {
						CreatedOnToolsVersion = 14.3.1;
					};
				};
			};
			buildConfigurationList = 93D381752A53B7140099514E /* Build configuration list for PBXProject "Kiwi" */;
			compatibilityVersion = "Xcode 14.0";
			developmentRegion = en;
			hasScannedForEncodings = 0;
			knownRegions = (
				en,
				Base,
			);
			mainGroup = 93D381712A53B7140099514E;
			packageReferences = (
				93AFFA922A5CFC0600A2D6E0 /* XCRemoteSwiftPackageReference "SwiftUIFontIcon" */,
				93BF7E372A651D9B0026C89D /* XCRemoteSwiftPackageReference "swift-collections" */,
				93894DD62A661F9100719AD2 /* XCRemoteSwiftPackageReference "ChartView" */,
				93FC8D852A6A4EF6002ED99A /* XCRemoteSwiftPackageReference "firebase-ios-sdk" */,
			);
			productRefGroup = 93D3817B2A53B7140099514E /* Products */;
			projectDirPath = "";
			projectRoot = "";
			targets = (
				93D381792A53B7140099514E /* Kiwi */,
			);
		};
/* End PBXProject section */

/* Begin PBXResourcesBuildPhase section */
		93D381782A53B7140099514E /* Resources */ = {
			isa = PBXResourcesBuildPhase;
			buildActionMask = 2147483647;
			files = (
				9339CD822A53E284000A21B1 /* Montserrat-ExtraLight.ttf in Resources */,
				9339CD7B2A53E284000A21B1 /* Montserrat-Regular.ttf in Resources */,
				9339CD7E2A53E284000A21B1 /* Montserrat-ThinItalic.ttf in Resources */,
				9339CD882A53E284000A21B1 /* Montserrat-Thin.ttf in Resources */,
				9339CD772A53E284000A21B1 /* Montserrat-SemiBold.ttf in Resources */,
				93D381852A53B7160099514E /* Preview Assets.xcassets in Resources */,
				9339CD7F2A53E284000A21B1 /* Montserrat-Black.ttf in Resources */,
				93FC8D842A6A4C64002ED99A /* GoogleService-Info.plist in Resources */,
				9339CD7D2A53E284000A21B1 /* Montserrat-Medium.ttf in Resources */,
				93D381822A53B7160099514E /* Assets.xcassets in Resources */,
			);
			runOnlyForDeploymentPostprocessing = 0;
		};
/* End PBXResourcesBuildPhase section */

/* Begin PBXSourcesBuildPhase section */
		93D381762A53B7140099514E /* Sources */ = {
			isa = PBXSourcesBuildPhase;
			buildActionMask = 2147483647;
			files = (
				93FC8D892A6A5C69002ED99A /* EachTransactionModel.swift in Sources */,
				93E1690F2A665C000045C53B /* AddDataView.swift in Sources */,
				93AFFA8E2A5CE10900A2D6E0 /* PreviewData.swift in Sources */,
				932FFF1E2A9C65CF0093C3F0 /* YouTubeService.swift in Sources */,
				937532E82A789F1D00F5AB70 /* LocationViewModel.swift in Sources */,
				9375A7212A5E413D00083EAE /* RecentTransactionList.swift in Sources */,
				93FC8D8B2A6A635D002ED99A /* EachTransactionViewModel.swift in Sources */,
				9398877D2A55010400C29740 /* VideoView.swift in Sources */,
				93CD50D42A676D9500A156B2 /* CategorySelectionView.swift in Sources */,
				932FFF242A9C69640093C3F0 /* WebView.swift in Sources */,
				939887812A55148100C29740 /* ContentView.swift in Sources */,
				9339CD8C2A53FBEB000A21B1 /* TabBarButton.swift in Sources */,
				932126022A779CFA00BF5919 /* ChartView.swift in Sources */,
				93B98A312A55392800626756 /* Extensions.swift in Sources */,
				932483C02A53BDE00081FEDC /* CustomTabBar.swift in Sources */,
				932FFF202A9C667C0093C3F0 /* VideoListView.swift in Sources */,
				932FFF1C2A9C65830093C3F0 /* YoutubeVideo.swift in Sources */,
				93EDA99F2A7B6EDC002036E8 /* ShareStringView.swift in Sources */,
				932FFF222A9C682F0093C3F0 /* YouTubeVideoResponse.swift in Sources */,
				93AFFA912A5CE37E00A2D6E0 /* TransactionRow.swift in Sources */,
				9331674B2A64E14C0042DEC4 /* TransactionListView.swift in Sources */,
				9398877B2A5500E700C29740 /* NewsView.swift in Sources */,
				93D3817E2A53B7150099514E /* KiwiApp.swift in Sources */,
				9398877F2A55107E00C29740 /* OverviewView.swift in Sources */,
			);
			runOnlyForDeploymentPostprocessing = 0;
		};
/* End PBXSourcesBuildPhase section */

/* Begin XCBuildConfiguration section */
		93D381862A53B7160099514E /* Debug */ = {
			isa = XCBuildConfiguration;
			buildSettings = {
				ALWAYS_SEARCH_USER_PATHS = NO;
				CLANG_ANALYZER_NONNULL = YES;
				CLANG_ANALYZER_NUMBER_OBJECT_CONVERSION = YES_AGGRESSIVE;
				CLANG_CXX_LANGUAGE_STANDARD = "gnu++20";
				CLANG_ENABLE_MODULES = YES;
				CLANG_ENABLE_OBJC_ARC = YES;
				CLANG_ENABLE_OBJC_WEAK = YES;
				CLANG_WARN_BLOCK_CAPTURE_AUTORELEASING = YES;
				CLANG_WARN_BOOL_CONVERSION = YES;
				CLANG_WARN_COMMA = YES;
				CLANG_WARN_CONSTANT_CONVERSION = YES;
				CLANG_WARN_DEPRECATED_OBJC_IMPLEMENTATIONS = YES;
				CLANG_WARN_DIRECT_OBJC_ISA_USAGE = YES_ERROR;
				CLANG_WARN_DOCUMENTATION_COMMENTS = YES;
				CLANG_WARN_EMPTY_BODY = YES;
				CLANG_WARN_ENUM_CONVERSION = YES;
				CLANG_WARN_INFINITE_RECURSION = YES;
				CLANG_WARN_INT_CONVERSION = YES;
				CLANG_WARN_NON_LITERAL_NULL_CONVERSION = YES;
				CLANG_WARN_OBJC_IMPLICIT_RETAIN_SELF = YES;
				CLANG_WARN_OBJC_LITERAL_CONVERSION = YES;
				CLANG_WARN_OBJC_ROOT_CLASS = YES_ERROR;
				CLANG_WARN_QUOTED_INCLUDE_IN_FRAMEWORK_HEADER = YES;
				CLANG_WARN_RANGE_LOOP_ANALYSIS = YES;
				CLANG_WARN_STRICT_PROTOTYPES = YES;
				CLANG_WARN_SUSPICIOUS_MOVE = YES;
				CLANG_WARN_UNGUARDED_AVAILABILITY = YES_AGGRESSIVE;
				CLANG_WARN_UNREACHABLE_CODE = YES;
				CLANG_WARN__DUPLICATE_METHOD_MATCH = YES;
				COPY_PHASE_STRIP = NO;
				DEBUG_INFORMATION_FORMAT = dwarf;
				ENABLE_STRICT_OBJC_MSGSEND = YES;
				ENABLE_TESTABILITY = YES;
				GCC_C_LANGUAGE_STANDARD = gnu11;
				GCC_DYNAMIC_NO_PIC = NO;
				GCC_NO_COMMON_BLOCKS = YES;
				GCC_OPTIMIZATION_LEVEL = 0;
				GCC_PREPROCESSOR_DEFINITIONS = (
					"DEBUG=1",
					"$(inherited)",
				);
				GCC_WARN_64_TO_32_BIT_CONVERSION = YES;
				GCC_WARN_ABOUT_RETURN_TYPE = YES_ERROR;
				GCC_WARN_UNDECLARED_SELECTOR = YES;
				GCC_WARN_UNINITIALIZED_AUTOS = YES_AGGRESSIVE;
				GCC_WARN_UNUSED_FUNCTION = YES;
				GCC_WARN_UNUSED_VARIABLE = YES;
				IPHONEOS_DEPLOYMENT_TARGET = 16.4;
				MTL_ENABLE_DEBUG_INFO = INCLUDE_SOURCE;
				MTL_FAST_MATH = YES;
				ONLY_ACTIVE_ARCH = YES;
				SDKROOT = iphoneos;
				SWIFT_ACTIVE_COMPILATION_CONDITIONS = DEBUG;
				SWIFT_OPTIMIZATION_LEVEL = "-Onone";
			};
			name = Debug;
		};
		93D381872A53B7160099514E /* Release */ = {
			isa = XCBuildConfiguration;
			buildSettings = {
				ALWAYS_SEARCH_USER_PATHS = NO;
				CLANG_ANALYZER_NONNULL = YES;
				CLANG_ANALYZER_NUMBER_OBJECT_CONVERSION = YES_AGGRESSIVE;
				CLANG_CXX_LANGUAGE_STANDARD = "gnu++20";
				CLANG_ENABLE_MODULES = YES;
				CLANG_ENABLE_OBJC_ARC = YES;
				CLANG_ENABLE_OBJC_WEAK = YES;
				CLANG_WARN_BLOCK_CAPTURE_AUTORELEASING = YES;
				CLANG_WARN_BOOL_CONVERSION = YES;
				CLANG_WARN_COMMA = YES;
				CLANG_WARN_CONSTANT_CONVERSION = YES;
				CLANG_WARN_DEPRECATED_OBJC_IMPLEMENTATIONS = YES;
				CLANG_WARN_DIRECT_OBJC_ISA_USAGE = YES_ERROR;
				CLANG_WARN_DOCUMENTATION_COMMENTS = YES;
				CLANG_WARN_EMPTY_BODY = YES;
				CLANG_WARN_ENUM_CONVERSION = YES;
				CLANG_WARN_INFINITE_RECURSION = YES;
				CLANG_WARN_INT_CONVERSION = YES;
				CLANG_WARN_NON_LITERAL_NULL_CONVERSION = YES;
				CLANG_WARN_OBJC_IMPLICIT_RETAIN_SELF = YES;
				CLANG_WARN_OBJC_LITERAL_CONVERSION = YES;
				CLANG_WARN_OBJC_ROOT_CLASS = YES_ERROR;
				CLANG_WARN_QUOTED_INCLUDE_IN_FRAMEWORK_HEADER = YES;
				CLANG_WARN_RANGE_LOOP_ANALYSIS = YES;
				CLANG_WARN_STRICT_PROTOTYPES = YES;
				CLANG_WARN_SUSPICIOUS_MOVE = YES;
				CLANG_WARN_UNGUARDED_AVAILABILITY = YES_AGGRESSIVE;
				CLANG_WARN_UNREACHABLE_CODE = YES;
				CLANG_WARN__DUPLICATE_METHOD_MATCH = YES;
				COPY_PHASE_STRIP = NO;
				DEBUG_INFORMATION_FORMAT = "dwarf-with-dsym";
				ENABLE_NS_ASSERTIONS = NO;
				ENABLE_STRICT_OBJC_MSGSEND = YES;
				GCC_C_LANGUAGE_STANDARD = gnu11;
				GCC_NO_COMMON_BLOCKS = YES;
				GCC_WARN_64_TO_32_BIT_CONVERSION = YES;
				GCC_WARN_ABOUT_RETURN_TYPE = YES_ERROR;
				GCC_WARN_UNDECLARED_SELECTOR = YES;
				GCC_WARN_UNINITIALIZED_AUTOS = YES_AGGRESSIVE;
				GCC_WARN_UNUSED_FUNCTION = YES;
				GCC_WARN_UNUSED_VARIABLE = YES;
				IPHONEOS_DEPLOYMENT_TARGET = 16.4;
				MTL_ENABLE_DEBUG_INFO = NO;
				MTL_FAST_MATH = YES;
				SDKROOT = iphoneos;
				SWIFT_COMPILATION_MODE = wholemodule;
				SWIFT_OPTIMIZATION_LEVEL = "-O";
				VALIDATE_PRODUCT = YES;
			};
			name = Release;
		};
		93D381892A53B7160099514E /* Debug */ = {
			isa = XCBuildConfiguration;
			buildSettings = {
				ASSETCATALOG_COMPILER_APPICON_NAME = AppIcon;
				ASSETCATALOG_COMPILER_GLOBAL_ACCENT_COLOR_NAME = AccentColor;
				CODE_SIGN_STYLE = Automatic;
				CURRENT_PROJECT_VERSION = 1;
				DEVELOPMENT_ASSET_PATHS = "\"Kiwi/Preview Content\"";
				DEVELOPMENT_TEAM = 4XAU7XTZ94;
				ENABLE_PREVIEWS = YES;
				GENERATE_INFOPLIST_FILE = YES;
				INFOPLIST_FILE = Kiwi/Info.plist;
				INFOPLIST_KEY_NSLocationWhenInUseUsageDescription = "To show nearby transactions based on your location.";
				INFOPLIST_KEY_UIApplicationSceneManifest_Generation = YES;
				INFOPLIST_KEY_UIApplicationSupportsIndirectInputEvents = YES;
				INFOPLIST_KEY_UILaunchScreen_Generation = YES;
				INFOPLIST_KEY_UISupportedInterfaceOrientations_iPad = "UIInterfaceOrientationPortrait UIInterfaceOrientationPortraitUpsideDown UIInterfaceOrientationLandscapeLeft UIInterfaceOrientationLandscapeRight";
				INFOPLIST_KEY_UISupportedInterfaceOrientations_iPhone = "UIInterfaceOrientationPortrait UIInterfaceOrientationLandscapeLeft UIInterfaceOrientationLandscapeRight";
				LD_RUNPATH_SEARCH_PATHS = (
					"$(inherited)",
					"@executable_path/Frameworks",
				);
				MARKETING_VERSION = 1.0;
				PRODUCT_BUNDLE_IDENTIFIER = kiwi.gustavoRodrigues.Kiwi;
				PRODUCT_NAME = "$(TARGET_NAME)";
				SWIFT_EMIT_LOC_STRINGS = YES;
				SWIFT_VERSION = 5.0;
				TARGETED_DEVICE_FAMILY = "1,2";
			};
			name = Debug;
		};
		93D3818A2A53B7160099514E /* Release */ = {
			isa = XCBuildConfiguration;
			buildSettings = {
				ASSETCATALOG_COMPILER_APPICON_NAME = AppIcon;
				ASSETCATALOG_COMPILER_GLOBAL_ACCENT_COLOR_NAME = AccentColor;
				CODE_SIGN_STYLE = Automatic;
				CURRENT_PROJECT_VERSION = 1;
				DEVELOPMENT_ASSET_PATHS = "\"Kiwi/Preview Content\"";
				DEVELOPMENT_TEAM = 4XAU7XTZ94;
				ENABLE_PREVIEWS = YES;
				GENERATE_INFOPLIST_FILE = YES;
				INFOPLIST_FILE = Kiwi/Info.plist;
				INFOPLIST_KEY_NSLocationWhenInUseUsageDescription = "To show nearby transactions based on your location.";
				INFOPLIST_KEY_UIApplicationSceneManifest_Generation = YES;
				INFOPLIST_KEY_UIApplicationSupportsIndirectInputEvents = YES;
				INFOPLIST_KEY_UILaunchScreen_Generation = YES;
				INFOPLIST_KEY_UISupportedInterfaceOrientations_iPad = "UIInterfaceOrientationPortrait UIInterfaceOrientationPortraitUpsideDown UIInterfaceOrientationLandscapeLeft UIInterfaceOrientationLandscapeRight";
				INFOPLIST_KEY_UISupportedInterfaceOrientations_iPhone = "UIInterfaceOrientationPortrait UIInterfaceOrientationLandscapeLeft UIInterfaceOrientationLandscapeRight";
				LD_RUNPATH_SEARCH_PATHS = (
					"$(inherited)",
					"@executable_path/Frameworks",
				);
				MARKETING_VERSION = 1.0;
				PRODUCT_BUNDLE_IDENTIFIER = kiwi.gustavoRodrigues.Kiwi;
				PRODUCT_NAME = "$(TARGET_NAME)";
				SWIFT_EMIT_LOC_STRINGS = YES;
				SWIFT_VERSION = 5.0;
				TARGETED_DEVICE_FAMILY = "1,2";
			};
			name = Release;
		};
/* End XCBuildConfiguration section */

/* Begin XCConfigurationList section */
		93D381752A53B7140099514E /* Build configuration list for PBXProject "Kiwi" */ = {
			isa = XCConfigurationList;
			buildConfigurations = (
				93D381862A53B7160099514E /* Debug */,
				93D381872A53B7160099514E /* Release */,
			);
			defaultConfigurationIsVisible = 0;
			defaultConfigurationName = Release;
		};
		93D381882A53B7160099514E /* Build configuration list for PBXNativeTarget "Kiwi" */ = {
			isa = XCConfigurationList;
			buildConfigurations = (
				93D381892A53B7160099514E /* Debug */,
				93D3818A2A53B7160099514E /* Release */,
			);
			defaultConfigurationIsVisible = 0;
			defaultConfigurationName = Release;
		};
/* End XCConfigurationList section */

/* Begin XCRemoteSwiftPackageReference section */
		93894DD62A661F9100719AD2 /* XCRemoteSwiftPackageReference "ChartView" */ = {
			isa = XCRemoteSwiftPackageReference;
			repositoryURL = "https://github.com/AppPear/ChartView";
			requirement = {
				kind = exactVersion;
				version = "2.0.0-beta.2";
			};
		};
		93AFFA922A5CFC0600A2D6E0 /* XCRemoteSwiftPackageReference "SwiftUIFontIcon" */ = {
			isa = XCRemoteSwiftPackageReference;
			repositoryURL = "https://github.com/huybuidac/SwiftUIFontIcon";
			requirement = {
				branch = master;
				kind = branch;
			};
		};
		93BF7E372A651D9B0026C89D /* XCRemoteSwiftPackageReference "swift-collections" */ = {
			isa = XCRemoteSwiftPackageReference;
			repositoryURL = "https://github.com/apple/swift-collections.git";
			requirement = {
				kind = upToNextMajorVersion;
				minimumVersion = 1.0.4;
			};
		};
		93FC8D852A6A4EF6002ED99A /* XCRemoteSwiftPackageReference "firebase-ios-sdk" */ = {
			isa = XCRemoteSwiftPackageReference;
			repositoryURL = "https://github.com/firebase/firebase-ios-sdk";
			requirement = {
				kind = upToNextMajorVersion;
				minimumVersion = 10.0.0;
			};
		};
/* End XCRemoteSwiftPackageReference section */

/* Begin XCSwiftPackageProductDependency section */
		93894DD72A661F9100719AD2 /* SwiftUICharts */ = {
			isa = XCSwiftPackageProductDependency;
			package = 93894DD62A661F9100719AD2 /* XCRemoteSwiftPackageReference "ChartView" */;
			productName = SwiftUICharts;
		};
		93AFFA932A5CFC0600A2D6E0 /* SwiftUIFontIcon */ = {
			isa = XCSwiftPackageProductDependency;
			package = 93AFFA922A5CFC0600A2D6E0 /* XCRemoteSwiftPackageReference "SwiftUIFontIcon" */;
			productName = SwiftUIFontIcon;
		};
		93BF7E382A651D9B0026C89D /* Collections */ = {
			isa = XCSwiftPackageProductDependency;
			package = 93BF7E372A651D9B0026C89D /* XCRemoteSwiftPackageReference "swift-collections" */;
			productName = Collections;
		};
		93FC8D862A6A4EF6002ED99A /* FirebaseFirestore */ = {
			isa = XCSwiftPackageProductDependency;
			package = 93FC8D852A6A4EF6002ED99A /* XCRemoteSwiftPackageReference "firebase-ios-sdk" */;
			productName = FirebaseFirestore;
		};
/* End XCSwiftPackageProductDependency section */
	};
	rootObject = 93D381722A53B7140099514E /* Project object */;
}
